
Microsoft Visual Studio Solution File, Format Version 12.00
# Visual Studio Version 17
VisualStudioVersion = 17.3.32929.385
MinimumVisualStudioVersion = 10.0.40219.1
Project("{FAE04EC0-301F-11D3-BF4B-00C04F79EFBC}") = "vavedeniesharp", "vavedeniesharp\vavedeniesharp.csproj", "{F6AF1ABE-18D5-41AE-BA7B-59ADFBA08671}"
EndProject
Global
	GlobalSection(SolutionConfigurationPlatforms) = preSolution
		Debug|Any CPU = Debug|Any CPU
		Release|Any CPU = Release|Any CPU
	EndGlobalSection
	GlobalSection(ProjectConfigurationPlatforms) = postSolution
		{F6AF1ABE-18D5-41AE-BA7B-59ADFBA08671}.Debug|Any CPU.ActiveCfg = Debug|Any CPU
		{F6AF1ABE-18D5-41AE-BA7B-59ADFBA08671}.Debug|Any CPU.Build.0 = Debug|Any CPU
		{F6AF1ABE-18D5-41AE-BA7B-59ADFBA08671}.Release|Any CPU.ActiveCfg = Release|Any CPU
		{F6AF1ABE-18D5-41AE-BA7B-59ADFBA08671}.Release|Any CPU.Build.0 = Release|Any CPU
	EndGlobalSection
	GlobalSection(SolutionProperties) = preSolution
		HideSolutionNode = FALSE
	EndGlobalSection
	GlobalSection(ExtensibilityGlobals) = postSolution
		SolutionGuid = {324955DD-51B6-40B2-BB97-19790865CF85}
	EndGlobalSection
EndGlobal
