
Microsoft Visual Studio Solution File, Format Version 12.00
# Visual Studio Version 17
VisualStudioVersion = 17.3.32929.385
MinimumVisualStudioVersion = 10.0.40219.1
Project("{FAE04EC0-301F-11D3-BF4B-00C04F79EFBC}") = "01.Oscars", "01.Oscars\01.Oscars.csproj", "{883E9DEF-AA79-4A3B-A988-D02068CC1A0A}"
EndProject
Project("{FAE04EC0-301F-11D3-BF4B-00C04F79EFBC}") = "02. CapturingDay", "02. CapturingDay\02. CapturingDay.csproj", "{8BC522A4-2017-4D27-99A9-599DF64E9E47}"
EndProject
Project("{FAE04EC0-301F-11D3-BF4B-00C04F79EFBC}") = "03. Excursion", "03. Excursion\03. Excursion.csproj", "{C0152541-C04E-43C1-83C0-AF0D150F076D}"
EndProject
Project("{FAE04EC0-301F-11D3-BF4B-00C04F79EFBC}") = "04. Easter Eggs", "04. Easter Eggs\04. Easter Eggs.csproj", "{6F28D748-5DD4-4739-A2D4-6EF08C591303}"
EndProject
Project("{FAE04EC0-301F-11D3-BF4B-00C04F79EFBC}") = "05. Darts", "05. Darts\05. Darts.csproj", "{D0F6070B-845E-4FF8-9BF7-8737EDB4B491}"
EndProject
Project("{FAE04EC0-301F-11D3-BF4B-00C04F79EFBC}") = "06. Eastern decoration", "06. Eastern decoration\06. Eastern decoration.csproj", "{6BC9C4AB-81C4-4A84-AA41-D398D868A2D8}"
EndProject
Global
	GlobalSection(SolutionConfigurationPlatforms) = preSolution
		Debug|Any CPU = Debug|Any CPU
		Release|Any CPU = Release|Any CPU
	EndGlobalSection
	GlobalSection(ProjectConfigurationPlatforms) = postSolution
		{883E9DEF-AA79-4A3B-A988-D02068CC1A0A}.Debug|Any CPU.ActiveCfg = Debug|Any CPU
		{883E9DEF-AA79-4A3B-A988-D02068CC1A0A}.Debug|Any CPU.Build.0 = Debug|Any CPU
		{883E9DEF-AA79-4A3B-A988-D02068CC1A0A}.Release|Any CPU.ActiveCfg = Release|Any CPU
		{883E9DEF-AA79-4A3B-A988-D02068CC1A0A}.Release|Any CPU.Build.0 = Release|Any CPU
		{8BC522A4-2017-4D27-99A9-599DF64E9E47}.Debug|Any CPU.ActiveCfg = Debug|Any CPU
		{8BC522A4-2017-4D27-99A9-599DF64E9E47}.Debug|Any CPU.Build.0 = Debug|Any CPU
		{8BC522A4-2017-4D27-99A9-599DF64E9E47}.Release|Any CPU.ActiveCfg = Release|Any CPU
		{8BC522A4-2017-4D27-99A9-599DF64E9E47}.Release|Any CPU.Build.0 = Release|Any CPU
		{C0152541-C04E-43C1-83C0-AF0D150F076D}.Debug|Any CPU.ActiveCfg = Debug|Any CPU
		{C0152541-C04E-43C1-83C0-AF0D150F076D}.Debug|Any CPU.Build.0 = Debug|Any CPU
		{C0152541-C04E-43C1-83C0-AF0D150F076D}.Release|Any CPU.ActiveCfg = Release|Any CPU
		{C0152541-C04E-43C1-83C0-AF0D150F076D}.Release|Any CPU.Build.0 = Release|Any CPU
		{6F28D748-5DD4-4739-A2D4-6EF08C591303}.Debug|Any CPU.ActiveCfg = Debug|Any CPU
		{6F28D748-5DD4-4739-A2D4-6EF08C591303}.Debug|Any CPU.Build.0 = Debug|Any CPU
		{6F28D748-5DD4-4739-A2D4-6EF08C591303}.Release|Any CPU.ActiveCfg = Release|Any CPU
		{6F28D748-5DD4-4739-A2D4-6EF08C591303}.Release|Any CPU.Build.0 = Release|Any CPU
		{D0F6070B-845E-4FF8-9BF7-8737EDB4B491}.Debug|Any CPU.ActiveCfg = Debug|Any CPU
		{D0F6070B-845E-4FF8-9BF7-8737EDB4B491}.Debug|Any CPU.Build.0 = Debug|Any CPU
		{D0F6070B-845E-4FF8-9BF7-8737EDB4B491}.Release|Any CPU.ActiveCfg = Release|Any CPU
		{D0F6070B-845E-4FF8-9BF7-8737EDB4B491}.Release|Any CPU.Build.0 = Release|Any CPU
		{6BC9C4AB-81C4-4A84-AA41-D398D868A2D8}.Debug|Any CPU.ActiveCfg = Debug|Any CPU
		{6BC9C4AB-81C4-4A84-AA41-D398D868A2D8}.Debug|Any CPU.Build.0 = Debug|Any CPU
		{6BC9C4AB-81C4-4A84-AA41-D398D868A2D8}.Release|Any CPU.ActiveCfg = Release|Any CPU
		{6BC9C4AB-81C4-4A84-AA41-D398D868A2D8}.Release|Any CPU.Build.0 = Release|Any CPU
	EndGlobalSection
	GlobalSection(SolutionProperties) = preSolution
		HideSolutionNode = FALSE
	EndGlobalSection
	GlobalSection(ExtensibilityGlobals) = postSolution
		SolutionGuid = {CA013549-2BDC-4F62-9FE6-3387C13B74C3}
	EndGlobalSection
EndGlobal
