
Microsoft Visual Studio Solution File, Format Version 12.00
# Visual Studio Version 17
VisualStudioVersion = 17.3.32929.385
MinimumVisualStudioVersion = 10.0.40219.1
Project("{FAE04EC0-301F-11D3-BF4B-00C04F79EFBC}") = "radiani", "radiani\radiani.csproj", "{1AAD5B78-53C3-400D-AAB6-504322DB0D05}"
EndProject
Global
	GlobalSection(SolutionConfigurationPlatforms) = preSolution
		Debug|Any CPU = Debug|Any CPU
		Release|Any CPU = Release|Any CPU
	EndGlobalSection
	GlobalSection(ProjectConfigurationPlatforms) = postSolution
		{1AAD5B78-53C3-400D-AAB6-504322DB0D05}.Debug|Any CPU.ActiveCfg = Debug|Any CPU
		{1AAD5B78-53C3-400D-AAB6-504322DB0D05}.Debug|Any CPU.Build.0 = Debug|Any CPU
		{1AAD5B78-53C3-400D-AAB6-504322DB0D05}.Release|Any CPU.ActiveCfg = Release|Any CPU
		{1AAD5B78-53C3-400D-AAB6-504322DB0D05}.Release|Any CPU.Build.0 = Release|Any CPU
	EndGlobalSection
	GlobalSection(SolutionProperties) = preSolution
		HideSolutionNode = FALSE
	EndGlobalSection
	GlobalSection(ExtensibilityGlobals) = postSolution
		SolutionGuid = {5D0FA7C1-0574-4062-BEF8-87C0353946D0}
	EndGlobalSection
EndGlobal
